
Microsoft Visual Studio Solution File, Format Version 12.00
# Visual Studio Version 16
VisualStudioVersion = 16.0.30204.135
MinimumVisualStudioVersion = 10.0.40219.1
Project("{9A19103F-16F7-4668-BE54-9A1E7A4F7556}") = "352A-JeffAndDigits", "Codeforces7\352A-JeffAndDigits.csproj", "{F46F7FEB-8E9B-4552-8BBC-C33661CB5635}"
EndProject
Project("{9A19103F-16F7-4668-BE54-9A1E7A4F7556}") = "75A-LifeWithoutZeros", "75A-LifeWithoutZeros\75A-LifeWithoutZeros.csproj", "{B642B257-79EF-4E8B-9C4A-DB87DA5E53ED}"
EndProject
Project("{9A19103F-16F7-4668-BE54-9A1E7A4F7556}") = "116b-PolycarpTraining", "116b-PolycarpTraining\116b-PolycarpTraining.csproj", "{618A7EBE-DBB6-4D0C-A608-0180FEF36EED}"
EndProject
Project("{9A19103F-16F7-4668-BE54-9A1E7A4F7556}") = "12003A-CircleOfStudents", "12003A-CircleOfStudents\12003A-CircleOfStudents.csproj", "{22FF36C0-A794-413D-9C0B-E0607A1E4417}"
EndProject
Project("{9A19103F-16F7-4668-BE54-9A1E7A4F7556}") = "441A-ValeraAndAntiqueItems", "441A-ValeraAndAntiqueItems\441A-ValeraAndAntiqueItems.csproj", "{BC55345F-9C0A-4A62-99BE-790F256CB44A}"
EndProject
Project("{9A19103F-16F7-4668-BE54-9A1E7A4F7556}") = "291A-KString", "291A-KString\291A-KString.csproj", "{8D05C491-B674-40CC-8ED3-B6B5CAC44926}"
EndProject
Project("{9A19103F-16F7-4668-BE54-9A1E7A4F7556}") = "560A-CurrencySystemInGeraldion", "560A-CurrencySystemInGeraldion\560A-CurrencySystemInGeraldion.csproj", "{4B802CD4-DFBF-45B3-9766-5356728FD6A5}"
EndProject
Project("{9A19103F-16F7-4668-BE54-9A1E7A4F7556}") = "1251A-BrokenKeyboard", "1251A-BrokenKeyboard\1251A-BrokenKeyboard.csproj", "{1F5B25C1-41DC-47E3-A1CE-0419DAB5EFD8}"
EndProject
Project("{9A19103F-16F7-4668-BE54-9A1E7A4F7556}") = "805A-FakeNP", "805A-FakeNP\805A-FakeNP.csproj", "{CCC6A065-A12A-4917-8A94-90CBF6D2667D}"
EndProject
Project("{FAE04EC0-301F-11D3-BF4B-00C04F79EFBC}") = "1195B-SportMafia", "1195B-SportMafia\1195B-SportMafia.csproj", "{BC54D140-0ABE-490C-8D2D-D0B08D3816FF}"
EndProject
Global
	GlobalSection(SolutionConfigurationPlatforms) = preSolution
		Debug|Any CPU = Debug|Any CPU
		Release|Any CPU = Release|Any CPU
	EndGlobalSection
	GlobalSection(ProjectConfigurationPlatforms) = postSolution
		{F46F7FEB-8E9B-4552-8BBC-C33661CB5635}.Debug|Any CPU.ActiveCfg = Debug|Any CPU
		{F46F7FEB-8E9B-4552-8BBC-C33661CB5635}.Debug|Any CPU.Build.0 = Debug|Any CPU
		{F46F7FEB-8E9B-4552-8BBC-C33661CB5635}.Release|Any CPU.ActiveCfg = Release|Any CPU
		{F46F7FEB-8E9B-4552-8BBC-C33661CB5635}.Release|Any CPU.Build.0 = Release|Any CPU
		{B642B257-79EF-4E8B-9C4A-DB87DA5E53ED}.Debug|Any CPU.ActiveCfg = Debug|Any CPU
		{B642B257-79EF-4E8B-9C4A-DB87DA5E53ED}.Debug|Any CPU.Build.0 = Debug|Any CPU
		{B642B257-79EF-4E8B-9C4A-DB87DA5E53ED}.Release|Any CPU.ActiveCfg = Release|Any CPU
		{B642B257-79EF-4E8B-9C4A-DB87DA5E53ED}.Release|Any CPU.Build.0 = Release|Any CPU
		{618A7EBE-DBB6-4D0C-A608-0180FEF36EED}.Debug|Any CPU.ActiveCfg = Debug|Any CPU
		{618A7EBE-DBB6-4D0C-A608-0180FEF36EED}.Debug|Any CPU.Build.0 = Debug|Any CPU
		{618A7EBE-DBB6-4D0C-A608-0180FEF36EED}.Release|Any CPU.ActiveCfg = Release|Any CPU
		{618A7EBE-DBB6-4D0C-A608-0180FEF36EED}.Release|Any CPU.Build.0 = Release|Any CPU
		{22FF36C0-A794-413D-9C0B-E0607A1E4417}.Debug|Any CPU.ActiveCfg = Debug|Any CPU
		{22FF36C0-A794-413D-9C0B-E0607A1E4417}.Debug|Any CPU.Build.0 = Debug|Any CPU
		{22FF36C0-A794-413D-9C0B-E0607A1E4417}.Release|Any CPU.ActiveCfg = Release|Any CPU
		{22FF36C0-A794-413D-9C0B-E0607A1E4417}.Release|Any CPU.Build.0 = Release|Any CPU
		{BC55345F-9C0A-4A62-99BE-790F256CB44A}.Debug|Any CPU.ActiveCfg = Debug|Any CPU
		{BC55345F-9C0A-4A62-99BE-790F256CB44A}.Debug|Any CPU.Build.0 = Debug|Any CPU
		{BC55345F-9C0A-4A62-99BE-790F256CB44A}.Release|Any CPU.ActiveCfg = Release|Any CPU
		{BC55345F-9C0A-4A62-99BE-790F256CB44A}.Release|Any CPU.Build.0 = Release|Any CPU
		{8D05C491-B674-40CC-8ED3-B6B5CAC44926}.Debug|Any CPU.ActiveCfg = Debug|Any CPU
		{8D05C491-B674-40CC-8ED3-B6B5CAC44926}.Debug|Any CPU.Build.0 = Debug|Any CPU
		{8D05C491-B674-40CC-8ED3-B6B5CAC44926}.Release|Any CPU.ActiveCfg = Release|Any CPU
		{8D05C491-B674-40CC-8ED3-B6B5CAC44926}.Release|Any CPU.Build.0 = Release|Any CPU
		{4B802CD4-DFBF-45B3-9766-5356728FD6A5}.Debug|Any CPU.ActiveCfg = Debug|Any CPU
		{4B802CD4-DFBF-45B3-9766-5356728FD6A5}.Debug|Any CPU.Build.0 = Debug|Any CPU
		{4B802CD4-DFBF-45B3-9766-5356728FD6A5}.Release|Any CPU.ActiveCfg = Release|Any CPU
		{4B802CD4-DFBF-45B3-9766-5356728FD6A5}.Release|Any CPU.Build.0 = Release|Any CPU
		{1F5B25C1-41DC-47E3-A1CE-0419DAB5EFD8}.Debug|Any CPU.ActiveCfg = Debug|Any CPU
		{1F5B25C1-41DC-47E3-A1CE-0419DAB5EFD8}.Debug|Any CPU.Build.0 = Debug|Any CPU
		{1F5B25C1-41DC-47E3-A1CE-0419DAB5EFD8}.Release|Any CPU.ActiveCfg = Release|Any CPU
		{1F5B25C1-41DC-47E3-A1CE-0419DAB5EFD8}.Release|Any CPU.Build.0 = Release|Any CPU
		{CCC6A065-A12A-4917-8A94-90CBF6D2667D}.Debug|Any CPU.ActiveCfg = Debug|Any CPU
		{CCC6A065-A12A-4917-8A94-90CBF6D2667D}.Debug|Any CPU.Build.0 = Debug|Any CPU
		{CCC6A065-A12A-4917-8A94-90CBF6D2667D}.Release|Any CPU.ActiveCfg = Release|Any CPU
		{CCC6A065-A12A-4917-8A94-90CBF6D2667D}.Release|Any CPU.Build.0 = Release|Any CPU
		{BC54D140-0ABE-490C-8D2D-D0B08D3816FF}.Debug|Any CPU.ActiveCfg = Debug|Any CPU
		{BC54D140-0ABE-490C-8D2D-D0B08D3816FF}.Debug|Any CPU.Build.0 = Debug|Any CPU
		{BC54D140-0ABE-490C-8D2D-D0B08D3816FF}.Release|Any CPU.ActiveCfg = Release|Any CPU
		{BC54D140-0ABE-490C-8D2D-D0B08D3816FF}.Release|Any CPU.Build.0 = Release|Any CPU
	EndGlobalSection
	GlobalSection(SolutionProperties) = preSolution
		HideSolutionNode = FALSE
	EndGlobalSection
	GlobalSection(ExtensibilityGlobals) = postSolution
		SolutionGuid = {F08C82B7-DC64-4DAB-A9CB-941DF4FD813B}
	EndGlobalSection
EndGlobal
